
Microsoft Visual Studio Solution File, Format Version 12.00
# Visual Studio Version 17
VisualStudioVersion = 17.7.34221.43
MinimumVisualStudioVersion = 10.0.40219.1
Project("{2150E333-8FDC-42A3-9474-1A3956D46DE8}") = "src", "src", "{84BFE4A3-EC01-43FD-AB1C-BE666FE05BB0}"
EndProject
Project("{2150E333-8FDC-42A3-9474-1A3956D46DE8}") = "tests", "tests", "{EFFF7469-92FC-455E-A796-AFE1F8BEA87B}"
EndProject
Project("{9A19103F-16F7-4668-BE54-9A1E7A4F7556}") = "Domain", "Domain\Domain.csproj", "{E3F165E1-D4B5-471E-A491-9E967A92EF89}"
EndProject
Project("{2150E333-8FDC-42A3-9474-1A3956D46DE8}") = "Solution Items", "Solution Items", "{B7D09CB5-7539-4702-86BF-434FBFFE2567}"
	ProjectSection(SolutionItems) = preProject
		.gitignore = .gitignore
	EndProjectSection
EndProject
Global
	GlobalSection(SolutionConfigurationPlatforms) = preSolution
		Debug|Any CPU = Debug|Any CPU
		Release|Any CPU = Release|Any CPU
	EndGlobalSection
	GlobalSection(ProjectConfigurationPlatforms) = postSolution
		{E3F165E1-D4B5-471E-A491-9E967A92EF89}.Debug|Any CPU.ActiveCfg = Debug|Any CPU
		{E3F165E1-D4B5-471E-A491-9E967A92EF89}.Debug|Any CPU.Build.0 = Debug|Any CPU
		{E3F165E1-D4B5-471E-A491-9E967A92EF89}.Release|Any CPU.ActiveCfg = Release|Any CPU
		{E3F165E1-D4B5-471E-A491-9E967A92EF89}.Release|Any CPU.Build.0 = Release|Any CPU
	EndGlobalSection
	GlobalSection(SolutionProperties) = preSolution
		HideSolutionNode = FALSE
	EndGlobalSection
	GlobalSection(NestedProjects) = preSolution
		{E3F165E1-D4B5-471E-A491-9E967A92EF89} = {84BFE4A3-EC01-43FD-AB1C-BE666FE05BB0}
	EndGlobalSection
	GlobalSection(ExtensibilityGlobals) = postSolution
		SolutionGuid = {0AEC7A35-FC61-4050-ADF5-93281F5C107C}
	EndGlobalSection
EndGlobal
